
Microsoft Visual Studio Solution File, Format Version 12.00
# Visual Studio Version 17
VisualStudioVersion = 17.4.33205.214
MinimumVisualStudioVersion = 10.0.40219.1
Project("{FAE04EC0-301F-11D3-BF4B-00C04F79EFBC}") = "GeometryExample", "GeometryExample\GeometryExample.csproj", "{1B97A06E-85BB-4625-85B3-47949FD2E5A2}"
EndProject
Global
	GlobalSection(SolutionConfigurationPlatforms) = preSolution
		Debug|Any CPU = Debug|Any CPU
		Release|Any CPU = Release|Any CPU
	EndGlobalSection
	GlobalSection(ProjectConfigurationPlatforms) = postSolution
		{1B97A06E-85BB-4625-85B3-47949FD2E5A2}.Debug|Any CPU.ActiveCfg = Debug|Any CPU
		{1B97A06E-85BB-4625-85B3-47949FD2E5A2}.Debug|Any CPU.Build.0 = Debug|Any CPU
		{1B97A06E-85BB-4625-85B3-47949FD2E5A2}.Release|Any CPU.ActiveCfg = Release|Any CPU
		{1B97A06E-85BB-4625-85B3-47949FD2E5A2}.Release|Any CPU.Build.0 = Release|Any CPU
	EndGlobalSection
	GlobalSection(SolutionProperties) = preSolution
		HideSolutionNode = FALSE
	EndGlobalSection
	GlobalSection(ExtensibilityGlobals) = postSolution
		SolutionGuid = {8C68AC26-B18F-4358-9F3C-4DA98BD53155}
	EndGlobalSection
EndGlobal
